{
  "name": "test",
  "version": "1.0.0",
  "lockfileVersion": 3,
  "requires": true,
  "packages": {
    "": {
      "name": "test",
      "version": "1.0.0",
      "license": "MIT",
      "dependencies": {
        "neutrino-compiler": "file:.."
      }
    },
    "..": {
      "name": "neutrino-compiler",
      "version": "0.1.0",
      "license": "MIT",
      "dependencies": {
        "@babel/parser": "^7.27.2",
        "css-tree": "^3.1.0"
      },
      "bin": {
        "neutrino": "bin/neutrino"
      },
      "devDependencies": {
        "@babel/types": "^7.27.1",
        "@types/css-tree": "^2.3.10",
        "@types/node": "^22.15.17",
        "typescript": "^5.8.3"
      }
    },
    "node_modules/neutrino-compiler": {
      "resolved": "..",
      "link": true
    }
  }
}
